
Microsoft Visual Studio Solution File, Format Version 12.00
# Visual Studio Version 17
VisualStudioVersion = 17.2.32630.192
MinimumVisualStudioVersion = 10.0.40219.1
Project("{9A19103F-16F7-4668-BE54-9A1E7A4F7556}") = "Bdx.WebApiLibrary", "Bdx.WebApiLibrary\Bdx.WebApiLibrary.csproj", "{750D54E2-F275-4A51-99DC-F810FB8C64D7}"
EndProject
Project("{9A19103F-16F7-4668-BE54-9A1E7A4F7556}") = "Bdx.WebApiService", "Bdx.WebApiService\Bdx.WebApiService.csproj", "{1C642C19-D2F4-4121-8ACB-0FEBC08DC887}"
EndProject
Global
	GlobalSection(SolutionConfigurationPlatforms) = preSolution
		Debug|Any CPU = Debug|Any CPU
		Release|Any CPU = Release|Any CPU
	EndGlobalSection
	GlobalSection(ProjectConfigurationPlatforms) = postSolution
		{750D54E2-F275-4A51-99DC-F810FB8C64D7}.Debug|Any CPU.ActiveCfg = Debug|Any CPU
		{750D54E2-F275-4A51-99DC-F810FB8C64D7}.Debug|Any CPU.Build.0 = Debug|Any CPU
		{750D54E2-F275-4A51-99DC-F810FB8C64D7}.Release|Any CPU.ActiveCfg = Release|Any CPU
		{750D54E2-F275-4A51-99DC-F810FB8C64D7}.Release|Any CPU.Build.0 = Release|Any CPU
		{1C642C19-D2F4-4121-8ACB-0FEBC08DC887}.Debug|Any CPU.ActiveCfg = Debug|Any CPU
		{1C642C19-D2F4-4121-8ACB-0FEBC08DC887}.Debug|Any CPU.Build.0 = Debug|Any CPU
		{1C642C19-D2F4-4121-8ACB-0FEBC08DC887}.Release|Any CPU.ActiveCfg = Release|Any CPU
		{1C642C19-D2F4-4121-8ACB-0FEBC08DC887}.Release|Any CPU.Build.0 = Release|Any CPU
	EndGlobalSection
	GlobalSection(SolutionProperties) = preSolution
		HideSolutionNode = FALSE
	EndGlobalSection
	GlobalSection(ExtensibilityGlobals) = postSolution
		SolutionGuid = {E14C31A7-2E22-45AE-A9ED-96630E23474B}
	EndGlobalSection
EndGlobal
